// !$*UTF8*$!
{
	archiveVersion = 1;
	classes = {
	};
	objectVersion = 56;
	objects = {

/* Begin PBXBuildFile section */
		CE1950122AE2AD9B0049051D /* AppDelegate.swift in Sources */ = {isa = PBXBuildFile; fileRef = CE1950112AE2AD9B0049051D /* AppDelegate.swift */; };
		CE1950142AE2AD9B0049051D /* SceneDelegate.swift in Sources */ = {isa = PBXBuildFile; fileRef = CE1950132AE2AD9B0049051D /* SceneDelegate.swift */; };
		CE1950162AE2AD9B0049051D /* ViewController.swift in Sources */ = {isa = PBXBuildFile; fileRef = CE1950152AE2AD9B0049051D /* ViewController.swift */; };
		CE19501B2AE2AD9E0049051D /* Assets.xcassets in Resources */ = {isa = PBXBuildFile; fileRef = CE19501A2AE2AD9E0049051D /* Assets.xcassets */; };
		CE19501E2AE2AD9E0049051D /* LaunchScreen.storyboard in Resources */ = {isa = PBXBuildFile; fileRef = CE19501C2AE2AD9E0049051D /* LaunchScreen.storyboard */; };
		CE1950262AE3A57D0049051D /* FifthViewController.swift in Sources */ = {isa = PBXBuildFile; fileRef = CE1950252AE3A57D0049051D /* FifthViewController.swift */; };
		CE1950282AE40DC50049051D /* SecondViewController.swift in Sources */ = {isa = PBXBuildFile; fileRef = CE1950272AE40DC50049051D /* SecondViewController.swift */; };
		CE19502C2AE454230049051D /* ThirdViewController.swift in Sources */ = {isa = PBXBuildFile; fileRef = CE19502B2AE454230049051D /* ThirdViewController.swift */; };
		CE19502E2AE58F560049051D /* FourthViewController.swift in Sources */ = {isa = PBXBuildFile; fileRef = CE19502D2AE58F560049051D /* FourthViewController.swift */; };
/* End PBXBuildFile section */

/* Begin PBXFileReference section */
		CE19500E2AE2AD9B0049051D /* homework 1.app */ = {isa = PBXFileReference; explicitFileType = wrapper.application; includeInIndex = 0; path = "homework 1.app"; sourceTree = BUILT_PRODUCTS_DIR; };
		CE1950112AE2AD9B0049051D /* AppDelegate.swift */ = {isa = PBXFileReference; lastKnownFileType = sourcecode.swift; path = AppDelegate.swift; sourceTree = "<group>"; };
		CE1950132AE2AD9B0049051D /* SceneDelegate.swift */ = {isa = PBXFileReference; lastKnownFileType = sourcecode.swift; path = SceneDelegate.swift; sourceTree = "<group>"; };
		CE1950152AE2AD9B0049051D /* ViewController.swift */ = {isa = PBXFileReference; lastKnownFileType = sourcecode.swift; path = ViewController.swift; sourceTree = "<group>"; };
		CE19501A2AE2AD9E0049051D /* Assets.xcassets */ = {isa = PBXFileReference; lastKnownFileType = folder.assetcatalog; path = Assets.xcassets; sourceTree = "<group>"; };
		CE19501D2AE2AD9E0049051D /* Base */ = {isa = PBXFileReference; lastKnownFileType = file.storyboard; name = Base; path = Base.lproj/LaunchScreen.storyboard; sourceTree = "<group>"; };
		CE19501F2AE2AD9E0049051D /* Info.plist */ = {isa = PBXFileReference; lastKnownFileType = text.plist.xml; path = Info.plist; sourceTree = "<group>"; };
		CE1950252AE3A57D0049051D /* FifthViewController.swift */ = {isa = PBXFileReference; lastKnownFileType = sourcecode.swift; path = FifthViewController.swift; sourceTree = "<group>"; };
		CE1950272AE40DC50049051D /* SecondViewController.swift */ = {isa = PBXFileReference; lastKnownFileType = sourcecode.swift; path = SecondViewController.swift; sourceTree = "<group>"; };
		CE19502B2AE454230049051D /* ThirdViewController.swift */ = {isa = PBXFileReference; lastKnownFileType = sourcecode.swift; path = ThirdViewController.swift; sourceTree = "<group>"; };
		CE19502D2AE58F560049051D /* FourthViewController.swift */ = {isa = PBXFileReference; lastKnownFileType = sourcecode.swift; path = FourthViewController.swift; sourceTree = "<group>"; };
/* End PBXFileReference section */

/* Begin PBXFrameworksBuildPhase section */
		CE19500B2AE2AD9B0049051D /* Frameworks */ = {
			isa = PBXFrameworksBuildPhase;
			buildActionMask = 2147483647;
			files = (
			);
			runOnlyForDeploymentPostprocessing = 0;
		};
/* End PBXFrameworksBuildPhase section */

/* Begin PBXGroup section */
		CE1950052AE2AD9B0049051D = {
			isa = PBXGroup;
			children = (
				CE1950102AE2AD9B0049051D /* homework 1 */,
				CE19500F2AE2AD9B0049051D /* Products */,
			);
			sourceTree = "<group>";
		};
		CE19500F2AE2AD9B0049051D /* Products */ = {
			isa = PBXGroup;
			children = (
				CE19500E2AE2AD9B0049051D /* homework 1.app */,
			);
			name = Products;
			sourceTree = "<group>";
		};
		CE1950102AE2AD9B0049051D /* homework 1 */ = {
			isa = PBXGroup;
			children = (
				CE19502A2AE450B60049051D /* Controllers */,
				CE1950112AE2AD9B0049051D /* AppDelegate.swift */,
				CE1950132AE2AD9B0049051D /* SceneDelegate.swift */,
				CE19501A2AE2AD9E0049051D /* Assets.xcassets */,
				CE19501C2AE2AD9E0049051D /* LaunchScreen.storyboard */,
				CE19501F2AE2AD9E0049051D /* Info.plist */,
			);
			path = "homework 1";
			sourceTree = "<group>";
		};
		CE19502A2AE450B60049051D /* Controllers */ = {
			isa = PBXGroup;
			children = (
				CE1950152AE2AD9B0049051D /* ViewController.swift */,
				CE1950272AE40DC50049051D /* SecondViewController.swift */,
				CE19502B2AE454230049051D /* ThirdViewController.swift */,
				CE19502D2AE58F560049051D /* FourthViewController.swift */,
				CE1950252AE3A57D0049051D /* FifthViewController.swift */,
			);
			path = Controllers;
			sourceTree = "<group>";
		};
/* End PBXGroup section */

/* Begin PBXNativeTarget section */
		CE19500D2AE2AD9B0049051D /* homework 1 */ = {
			isa = PBXNativeTarget;
			buildConfigurationList = CE1950222AE2AD9E0049051D /* Build configuration list for PBXNativeTarget "homework 1" */;
			buildPhases = (
				CE19500A2AE2AD9B0049051D /* Sources */,
				CE19500B2AE2AD9B0049051D /* Frameworks */,
				CE19500C2AE2AD9B0049051D /* Resources */,
			);
			buildRules = (
			);
			dependencies = (
			);
			name = "homework 1";
			productName = "homework 1";
			productReference = CE19500E2AE2AD9B0049051D /* homework 1.app */;
			productType = "com.apple.product-type.application";
		};
/* End PBXNativeTarget section */

/* Begin PBXProject section */
		CE1950062AE2AD9B0049051D /* Project object */ = {
			isa = PBXProject;
			attributes = {
				BuildIndependentTargetsInParallel = 1;
				LastSwiftUpdateCheck = 1400;
				LastUpgradeCheck = 1400;
				TargetAttributes = {
					CE19500D2AE2AD9B0049051D = {
						CreatedOnToolsVersion = 14.0;
					};
				};
			};
			buildConfigurationList = CE1950092AE2AD9B0049051D /* Build configuration list for PBXProject "homework 1" */;
			compatibilityVersion = "Xcode 14.0";
			developmentRegion = en;
			hasScannedForEncodings = 0;
			knownRegions = (
				en,
				Base,
			);
			mainGroup = CE1950052AE2AD9B0049051D;
			productRefGroup = CE19500F2AE2AD9B0049051D /* Products */;
			projectDirPath = "";
			projectRoot = "";
			targets = (
				CE19500D2AE2AD9B0049051D /* homework 1 */,
			);
		};
/* End PBXProject section */

/* Begin PBXResourcesBuildPhase section */
		CE19500C2AE2AD9B0049051D /* Resources */ = {
			isa = PBXResourcesBuildPhase;
			buildActionMask = 2147483647;
			files = (
				CE19501E2AE2AD9E0049051D /* LaunchScreen.storyboard in Resources */,
				CE19501B2AE2AD9E0049051D /* Assets.xcassets in Resources */,
			);
			runOnlyForDeploymentPostprocessing = 0;
		};
/* End PBXResourcesBuildPhase section */

/* Begin PBXSourcesBuildPhase section */
		CE19500A2AE2AD9B0049051D /* Sources */ = {
			isa = PBXSourcesBuildPhase;
			buildActionMask = 2147483647;
			files = (
				CE1950262AE3A57D0049051D /* FifthViewController.swift in Sources */,
				CE1950162AE2AD9B0049051D /* ViewController.swift in Sources */,
				CE1950122AE2AD9B0049051D /* AppDelegate.swift in Sources */,
				CE19502E2AE58F560049051D /* FourthViewController.swift in Sources */,
				CE1950282AE40DC50049051D /* SecondViewController.swift in Sources */,
				CE19502C2AE454230049051D /* ThirdViewController.swift in Sources */,
				CE1950142AE2AD9B0049051D /* SceneDelegate.swift in Sources */,
			);
			runOnlyForDeploymentPostprocessing = 0;
		};
/* End PBXSourcesBuildPhase section */

/* Begin PBXVariantGroup section */
		CE19501C2AE2AD9E0049051D /* LaunchScreen.storyboard */ = {
			isa = PBXVariantGroup;
			children = (
				CE19501D2AE2AD9E0049051D /* Base */,
			);
			name = LaunchScreen.storyboard;
			sourceTree = "<group>";
		};
/* End PBXVariantGroup section */

/* Begin XCBuildConfiguration section */
		CE1950202AE2AD9E0049051D /* Debug */ = {
			isa = XCBuildConfiguration;
			buildSettings = {
				ALWAYS_SEARCH_USER_PATHS = NO;
				CLANG_ANALYZER_NONNULL = YES;
				CLANG_ANALYZER_NUMBER_OBJECT_CONVERSION = YES_AGGRESSIVE;
				CLANG_CXX_LANGUAGE_STANDARD = "gnu++20";
				CLANG_ENABLE_MODULES = YES;
				CLANG_ENABLE_OBJC_ARC = YES;
				CLANG_ENABLE_OBJC_WEAK = YES;
				CLANG_WARN_BLOCK_CAPTURE_AUTORELEASING = YES;
				CLANG_WARN_BOOL_CONVERSION = YES;
				CLANG_WARN_COMMA = YES;
				CLANG_WARN_CONSTANT_CONVERSION = YES;
				CLANG_WARN_DEPRECATED_OBJC_IMPLEMENTATIONS = YES;
				CLANG_WARN_DIRECT_OBJC_ISA_USAGE = YES_ERROR;
				CLANG_WARN_DOCUMENTATION_COMMENTS = YES;
				CLANG_WARN_EMPTY_BODY = YES;
				CLANG_WARN_ENUM_CONVERSION = YES;
				CLANG_WARN_INFINITE_RECURSION = YES;
				CLANG_WARN_INT_CONVERSION = YES;
				CLANG_WARN_NON_LITERAL_NULL_CONVERSION = YES;
				CLANG_WARN_OBJC_IMPLICIT_RETAIN_SELF = YES;
				CLANG_WARN_OBJC_LITERAL_CONVERSION = YES;
				CLANG_WARN_OBJC_ROOT_CLASS = YES_ERROR;
				CLANG_WARN_QUOTED_INCLUDE_IN_FRAMEWORK_HEADER = YES;
				CLANG_WARN_RANGE_LOOP_ANALYSIS = YES;
				CLANG_WARN_STRICT_PROTOTYPES = YES;
				CLANG_WARN_SUSPICIOUS_MOVE = YES;
				CLANG_WARN_UNGUARDED_AVAILABILITY = YES_AGGRESSIVE;
				CLANG_WARN_UNREACHABLE_CODE = YES;
				CLANG_WARN__DUPLICATE_METHOD_MATCH = YES;
				COPY_PHASE_STRIP = NO;
				DEBUG_INFORMATION_FORMAT = dwarf;
				ENABLE_STRICT_OBJC_MSGSEND = YES;
				ENABLE_TESTABILITY = YES;
				GCC_C_LANGUAGE_STANDARD = gnu11;
				GCC_DYNAMIC_NO_PIC = NO;
				GCC_NO_COMMON_BLOCKS = YES;
				GCC_OPTIMIZATION_LEVEL = 0;
				GCC_PREPROCESSOR_DEFINITIONS = (
					"DEBUG=1",
					"$(inherited)",
				);
				GCC_WARN_64_TO_32_BIT_CONVERSION = YES;
				GCC_WARN_ABOUT_RETURN_TYPE = YES_ERROR;
				GCC_WARN_UNDECLARED_SELECTOR = YES;
				GCC_WARN_UNINITIALIZED_AUTOS = YES_AGGRESSIVE;
				GCC_WARN_UNUSED_FUNCTION = YES;
				GCC_WARN_UNUSED_VARIABLE = YES;
				IPHONEOS_DEPLOYMENT_TARGET = 16.0;
				MTL_ENABLE_DEBUG_INFO = INCLUDE_SOURCE;
				MTL_FAST_MATH = YES;
				ONLY_ACTIVE_ARCH = YES;
				SDKROOT = iphoneos;
				SWIFT_ACTIVE_COMPILATION_CONDITIONS = DEBUG;
				SWIFT_OPTIMIZATION_LEVEL = "-Onone";
			};
			name = Debug;
		};
		CE1950212AE2AD9E0049051D /* Release */ = {
			isa = XCBuildConfiguration;
			buildSettings = {
				ALWAYS_SEARCH_USER_PATHS = NO;
				CLANG_ANALYZER_NONNULL = YES;
				CLANG_ANALYZER_NUMBER_OBJECT_CONVERSION = YES_AGGRESSIVE;
				CLANG_CXX_LANGUAGE_STANDARD = "gnu++20";
				CLANG_ENABLE_MODULES = YES;
				CLANG_ENABLE_OBJC_ARC = YES;
				CLANG_ENABLE_OBJC_WEAK = YES;
				CLANG_WARN_BLOCK_CAPTURE_AUTORELEASING = YES;
				CLANG_WARN_BOOL_CONVERSION = YES;
				CLANG_WARN_COMMA = YES;
				CLANG_WARN_CONSTANT_CONVERSION = YES;
				CLANG_WARN_DEPRECATED_OBJC_IMPLEMENTATIONS = YES;
				CLANG_WARN_DIRECT_OBJC_ISA_USAGE = YES_ERROR;
				CLANG_WARN_DOCUMENTATION_COMMENTS = YES;
				CLANG_WARN_EMPTY_BODY = YES;
				CLANG_WARN_ENUM_CONVERSION = YES;
				CLANG_WARN_INFINITE_RECURSION = YES;
				CLANG_WARN_INT_CONVERSION = YES;
				CLANG_WARN_NON_LITERAL_NULL_CONVERSION = YES;
				CLANG_WARN_OBJC_IMPLICIT_RETAIN_SELF = YES;
				CLANG_WARN_OBJC_LITERAL_CONVERSION = YES;
				CLANG_WARN_OBJC_ROOT_CLASS = YES_ERROR;
				CLANG_WARN_QUOTED_INCLUDE_IN_FRAMEWORK_HEADER = YES;
				CLANG_WARN_RANGE_LOOP_ANALYSIS = YES;
				CLANG_WARN_STRICT_PROTOTYPES = YES;
				CLANG_WARN_SUSPICIOUS_MOVE = YES;
				CLANG_WARN_UNGUARDED_AVAILABILITY = YES_AGGRESSIVE;
				CLANG_WARN_UNREACHABLE_CODE = YES;
				CLANG_WARN__DUPLICATE_METHOD_MATCH = YES;
				COPY_PHASE_STRIP = NO;
				DEBUG_INFORMATION_FORMAT = "dwarf-with-dsym";
				ENABLE_NS_ASSERTIONS = NO;
				ENABLE_STRICT_OBJC_MSGSEND = YES;
				GCC_C_LANGUAGE_STANDARD = gnu11;
				GCC_NO_COMMON_BLOCKS = YES;
				GCC_WARN_64_TO_32_BIT_CONVERSION = YES;
				GCC_WARN_ABOUT_RETURN_TYPE = YES_ERROR;
				GCC_WARN_UNDECLARED_SELECTOR = YES;
				GCC_WARN_UNINITIALIZED_AUTOS = YES_AGGRESSIVE;
				GCC_WARN_UNUSED_FUNCTION = YES;
				GCC_WARN_UNUSED_VARIABLE = YES;
				IPHONEOS_DEPLOYMENT_TARGET = 16.0;
				MTL_ENABLE_DEBUG_INFO = NO;
				MTL_FAST_MATH = YES;
				SDKROOT = iphoneos;
				SWIFT_COMPILATION_MODE = wholemodule;
				SWIFT_OPTIMIZATION_LEVEL = "-O";
				VALIDATE_PRODUCT = YES;
			};
			name = Release;
		};
		CE1950232AE2AD9E0049051D /* Debug */ = {
			isa = XCBuildConfiguration;
			buildSettings = {
				ASSETCATALOG_COMPILER_APPICON_NAME = AppIcon;
				ASSETCATALOG_COMPILER_GLOBAL_ACCENT_COLOR_NAME = AccentColor;
				CODE_SIGN_STYLE = Automatic;
				CURRENT_PROJECT_VERSION = 1;
				DEVELOPMENT_TEAM = 3WQN3TSW6L;
				GENERATE_INFOPLIST_FILE = YES;
				INFOPLIST_FILE = "homework 1/Info.plist";
				INFOPLIST_KEY_UIApplicationSupportsIndirectInputEvents = YES;
				INFOPLIST_KEY_UILaunchStoryboardName = LaunchScreen;
				INFOPLIST_KEY_UISupportedInterfaceOrientations_iPad = "UIInterfaceOrientationPortrait UIInterfaceOrientationPortraitUpsideDown UIInterfaceOrientationLandscapeLeft UIInterfaceOrientationLandscapeRight";
				INFOPLIST_KEY_UISupportedInterfaceOrientations_iPhone = "UIInterfaceOrientationPortrait UIInterfaceOrientationLandscapeLeft UIInterfaceOrientationLandscapeRight";
				LD_RUNPATH_SEARCH_PATHS = (
					"$(inherited)",
					"@executable_path/Frameworks",
				);
				MARKETING_VERSION = 1.0;
				PRODUCT_BUNDLE_IDENTIFIER = "month-4.homework-1";
				PRODUCT_NAME = "$(TARGET_NAME)";
				SWIFT_EMIT_LOC_STRINGS = YES;
				SWIFT_VERSION = 5.0;
				TARGETED_DEVICE_FAMILY = "1,2";
			};
			name = Debug;
		};
		CE1950242AE2AD9E0049051D /* Release */ = {
			isa = XCBuildConfiguration;
			buildSettings = {
				ASSETCATALOG_COMPILER_APPICON_NAME = AppIcon;
				ASSETCATALOG_COMPILER_GLOBAL_ACCENT_COLOR_NAME = AccentColor;
				CODE_SIGN_STYLE = Automatic;
				CURRENT_PROJECT_VERSION = 1;
				DEVELOPMENT_TEAM = 3WQN3TSW6L;
				GENERATE_INFOPLIST_FILE = YES;
				INFOPLIST_FILE = "homework 1/Info.plist";
				INFOPLIST_KEY_UIApplicationSupportsIndirectInputEvents = YES;
				INFOPLIST_KEY_UILaunchStoryboardName = LaunchScreen;
				INFOPLIST_KEY_UISupportedInterfaceOrientations_iPad = "UIInterfaceOrientationPortrait UIInterfaceOrientationPortraitUpsideDown UIInterfaceOrientationLandscapeLeft UIInterfaceOrientationLandscapeRight";
				INFOPLIST_KEY_UISupportedInterfaceOrientations_iPhone = "UIInterfaceOrientationPortrait UIInterfaceOrientationLandscapeLeft UIInterfaceOrientationLandscapeRight";
				LD_RUNPATH_SEARCH_PATHS = (
					"$(inherited)",
					"@executable_path/Frameworks",
				);
				MARKETING_VERSION = 1.0;
				PRODUCT_BUNDLE_IDENTIFIER = "month-4.homework-1";
				PRODUCT_NAME = "$(TARGET_NAME)";
				SWIFT_EMIT_LOC_STRINGS = YES;
				SWIFT_VERSION = 5.0;
				TARGETED_DEVICE_FAMILY = "1,2";
			};
			name = Release;
		};
/* End XCBuildConfiguration section */

/* Begin XCConfigurationList section */
		CE1950092AE2AD9B0049051D /* Build configuration list for PBXProject "homework 1" */ = {
			isa = XCConfigurationList;
			buildConfigurations = (
				CE1950202AE2AD9E0049051D /* Debug */,
				CE1950212AE2AD9E0049051D /* Release */,
			);
			defaultConfigurationIsVisible = 0;
			defaultConfigurationName = Release;
		};
		CE1950222AE2AD9E0049051D /* Build configuration list for PBXNativeTarget "homework 1" */ = {
			isa = XCConfigurationList;
			buildConfigurations = (
				CE1950232AE2AD9E0049051D /* Debug */,
				CE1950242AE2AD9E0049051D /* Release */,
			);
			defaultConfigurationIsVisible = 0;
			defaultConfigurationName = Release;
		};
/* End XCConfigurationList section */
	};
	rootObject = CE1950062AE2AD9B0049051D /* Project object */;
}
